
Microsoft Visual Studio Solution File, Format Version 12.00
# Visual Studio Version 16
VisualStudioVersion = 16.0.31321.278
MinimumVisualStudioVersion = 10.0.40219.1
Project("{FAE04EC0-301F-11D3-BF4B-00C04F79EFBC}") = "GlassFactory", "GlassFactory\GlassFactory.csproj", "{0EE02FB8-C992-4B45-A716-B951699E854E}"
EndProject
Global
	GlobalSection(SolutionConfigurationPlatforms) = preSolution
		Debug|Any CPU = Debug|Any CPU
		Release|Any CPU = Release|Any CPU
	EndGlobalSection
	GlobalSection(ProjectConfigurationPlatforms) = postSolution
		{0EE02FB8-C992-4B45-A716-B951699E854E}.Debug|Any CPU.ActiveCfg = Debug|Any CPU
		{0EE02FB8-C992-4B45-A716-B951699E854E}.Debug|Any CPU.Build.0 = Debug|Any CPU
		{0EE02FB8-C992-4B45-A716-B951699E854E}.Release|Any CPU.ActiveCfg = Release|Any CPU
		{0EE02FB8-C992-4B45-A716-B951699E854E}.Release|Any CPU.Build.0 = Release|Any CPU
	EndGlobalSection
	GlobalSection(SolutionProperties) = preSolution
		HideSolutionNode = FALSE
	EndGlobalSection
	GlobalSection(ExtensibilityGlobals) = postSolution
		SolutionGuid = {17501C8D-F3D9-4974-9DD9-EE1A28D0C72D}
	EndGlobalSection
EndGlobal
